
Microsoft Visual Studio Solution File, Format Version 12.00
# Visual Studio Version 16
VisualStudioVersion = 16.0.30011.22
MinimumVisualStudioVersion = 10.0.40219.1
Project("{2150E333-8FDC-42A3-9474-1A3956D46DE8}") = "Petzfinder.Functions", "Petzfinder.Functions", "{92D61BAC-2659-4A97-98B0-CDFC5A69C1AB}"
EndProject
Project("{9A19103F-16F7-4668-BE54-9A1E7A4F7556}") = "Petzfinder.QrCodeGenerator", "Petzfinder.QrCodeGenerator\Petzfinder.QrCodeGenerator.csproj", "{8E0BFCAE-8DBB-4C5A-BB04-B1C0E9B7B8D3}"
EndProject
Project("{9A19103F-16F7-4668-BE54-9A1E7A4F7556}") = "Petzfinder.Data", "TagsRepository\Petzfinder.Data.csproj", "{92736115-0943-434B-9A69-53996D1884E4}"
EndProject
Project("{9A19103F-16F7-4668-BE54-9A1E7A4F7556}") = "Petzfinder.Model", "Petzfinder.Model\Petzfinder.Model.csproj", "{5420A3A2-6E78-4683-A800-1E3B1667F75C}"
EndProject
Project("{9A19103F-16F7-4668-BE54-9A1E7A4F7556}") = "Petzfinder.Service", "Petzfinder.Service\Petzfinder.Service.csproj", "{AA77112E-1963-425F-BD2D-D585A543D860}"
EndProject
Project("{9A19103F-16F7-4668-BE54-9A1E7A4F7556}") = "Petzfinder.Util", "Petzfinder.Util\Petzfinder.Util.csproj", "{5FEFD006-8AB6-426E-9B42-ACB05B5D705E}"
EndProject
Project("{9A19103F-16F7-4668-BE54-9A1E7A4F7556}") = "Petzfinder.InsertTagFunction", "Petzfinder.InsertTagFunction\Petzfinder.InsertTagFunction.csproj", "{5A434867-F6E9-41FE-B5E1-407B361BF529}"
EndProject
Project("{9A19103F-16F7-4668-BE54-9A1E7A4F7556}") = "Petzfinder.GetTagFunction", "Petzfinder.GetTagFunction\Petzfinder.GetTagFunction.csproj", "{78361CA2-E3C7-4EB6-9089-FAE4462A1B57}"
EndProject
Project("{9A19103F-16F7-4668-BE54-9A1E7A4F7556}") = "Petzfinder.GetUserFunction", "Petzfinder.GetUserFunction\Petzfinder.GetUserFunction.csproj", "{A576F1C6-07FF-42D0-B2E8-8E84F0135083}"
EndProject
Project("{9A19103F-16F7-4668-BE54-9A1E7A4F7556}") = "PostUserFunction", "PostUserFunction\PostUserFunction.csproj", "{3C1C47BD-1A4D-457B-8B7F-6F536E4F503D}"
EndProject
Project("{9A19103F-16F7-4668-BE54-9A1E7A4F7556}") = "Petzfinder.GetPetFunction", "Petzfinder.GetPetFunction\Petzfinder.GetPetFunction.csproj", "{645AC46C-B0EB-4B3E-A451-8F8FFF941D48}"
EndProject
Project("{2150E333-8FDC-42A3-9474-1A3956D46DE8}") = "PetFunctions", "PetFunctions", "{FF5E4EE8-E5BC-493C-AE9C-302DB6E55323}"
EndProject
Project("{2150E333-8FDC-42A3-9474-1A3956D46DE8}") = "TagFunctions", "TagFunctions", "{A9E3CB55-9BA8-47FA-AAF5-63D823A7B809}"
EndProject
Project("{2150E333-8FDC-42A3-9474-1A3956D46DE8}") = "UserFunctions", "UserFunctions", "{D7544169-43D8-4FD1-B197-DC03181266BC}"
EndProject
Project("{9A19103F-16F7-4668-BE54-9A1E7A4F7556}") = "Petzfinder.GetUserPetsFunction", "Petzfinder.GetUserPetsFunction\Petzfinder.GetUserPetsFunction.csproj", "{C7824309-BB81-4A2B-9487-A23BCF9ED43F}"
EndProject
Global
	GlobalSection(SolutionConfigurationPlatforms) = preSolution
		Debug|Any CPU = Debug|Any CPU
		Release|Any CPU = Release|Any CPU
	EndGlobalSection
	GlobalSection(ProjectConfigurationPlatforms) = postSolution
		{8E0BFCAE-8DBB-4C5A-BB04-B1C0E9B7B8D3}.Debug|Any CPU.ActiveCfg = Debug|Any CPU
		{8E0BFCAE-8DBB-4C5A-BB04-B1C0E9B7B8D3}.Debug|Any CPU.Build.0 = Debug|Any CPU
		{8E0BFCAE-8DBB-4C5A-BB04-B1C0E9B7B8D3}.Release|Any CPU.ActiveCfg = Release|Any CPU
		{8E0BFCAE-8DBB-4C5A-BB04-B1C0E9B7B8D3}.Release|Any CPU.Build.0 = Release|Any CPU
		{92736115-0943-434B-9A69-53996D1884E4}.Debug|Any CPU.ActiveCfg = Debug|Any CPU
		{92736115-0943-434B-9A69-53996D1884E4}.Debug|Any CPU.Build.0 = Debug|Any CPU
		{92736115-0943-434B-9A69-53996D1884E4}.Release|Any CPU.ActiveCfg = Release|Any CPU
		{92736115-0943-434B-9A69-53996D1884E4}.Release|Any CPU.Build.0 = Release|Any CPU
		{5420A3A2-6E78-4683-A800-1E3B1667F75C}.Debug|Any CPU.ActiveCfg = Debug|Any CPU
		{5420A3A2-6E78-4683-A800-1E3B1667F75C}.Debug|Any CPU.Build.0 = Debug|Any CPU
		{5420A3A2-6E78-4683-A800-1E3B1667F75C}.Release|Any CPU.ActiveCfg = Release|Any CPU
		{5420A3A2-6E78-4683-A800-1E3B1667F75C}.Release|Any CPU.Build.0 = Release|Any CPU
		{AA77112E-1963-425F-BD2D-D585A543D860}.Debug|Any CPU.ActiveCfg = Debug|Any CPU
		{AA77112E-1963-425F-BD2D-D585A543D860}.Debug|Any CPU.Build.0 = Debug|Any CPU
		{AA77112E-1963-425F-BD2D-D585A543D860}.Release|Any CPU.ActiveCfg = Release|Any CPU
		{AA77112E-1963-425F-BD2D-D585A543D860}.Release|Any CPU.Build.0 = Release|Any CPU
		{5FEFD006-8AB6-426E-9B42-ACB05B5D705E}.Debug|Any CPU.ActiveCfg = Debug|Any CPU
		{5FEFD006-8AB6-426E-9B42-ACB05B5D705E}.Debug|Any CPU.Build.0 = Debug|Any CPU
		{5FEFD006-8AB6-426E-9B42-ACB05B5D705E}.Release|Any CPU.ActiveCfg = Release|Any CPU
		{5FEFD006-8AB6-426E-9B42-ACB05B5D705E}.Release|Any CPU.Build.0 = Release|Any CPU
		{5A434867-F6E9-41FE-B5E1-407B361BF529}.Debug|Any CPU.ActiveCfg = Debug|Any CPU
		{5A434867-F6E9-41FE-B5E1-407B361BF529}.Debug|Any CPU.Build.0 = Debug|Any CPU
		{5A434867-F6E9-41FE-B5E1-407B361BF529}.Release|Any CPU.ActiveCfg = Release|Any CPU
		{5A434867-F6E9-41FE-B5E1-407B361BF529}.Release|Any CPU.Build.0 = Release|Any CPU
		{78361CA2-E3C7-4EB6-9089-FAE4462A1B57}.Debug|Any CPU.ActiveCfg = Debug|Any CPU
		{78361CA2-E3C7-4EB6-9089-FAE4462A1B57}.Debug|Any CPU.Build.0 = Debug|Any CPU
		{78361CA2-E3C7-4EB6-9089-FAE4462A1B57}.Release|Any CPU.ActiveCfg = Release|Any CPU
		{78361CA2-E3C7-4EB6-9089-FAE4462A1B57}.Release|Any CPU.Build.0 = Release|Any CPU
		{A576F1C6-07FF-42D0-B2E8-8E84F0135083}.Debug|Any CPU.ActiveCfg = Debug|Any CPU
		{A576F1C6-07FF-42D0-B2E8-8E84F0135083}.Debug|Any CPU.Build.0 = Debug|Any CPU
		{A576F1C6-07FF-42D0-B2E8-8E84F0135083}.Release|Any CPU.ActiveCfg = Release|Any CPU
		{A576F1C6-07FF-42D0-B2E8-8E84F0135083}.Release|Any CPU.Build.0 = Release|Any CPU
		{3C1C47BD-1A4D-457B-8B7F-6F536E4F503D}.Debug|Any CPU.ActiveCfg = Debug|Any CPU
		{3C1C47BD-1A4D-457B-8B7F-6F536E4F503D}.Debug|Any CPU.Build.0 = Debug|Any CPU
		{3C1C47BD-1A4D-457B-8B7F-6F536E4F503D}.Release|Any CPU.ActiveCfg = Release|Any CPU
		{3C1C47BD-1A4D-457B-8B7F-6F536E4F503D}.Release|Any CPU.Build.0 = Release|Any CPU
		{645AC46C-B0EB-4B3E-A451-8F8FFF941D48}.Debug|Any CPU.ActiveCfg = Debug|Any CPU
		{645AC46C-B0EB-4B3E-A451-8F8FFF941D48}.Debug|Any CPU.Build.0 = Debug|Any CPU
		{645AC46C-B0EB-4B3E-A451-8F8FFF941D48}.Release|Any CPU.ActiveCfg = Release|Any CPU
		{645AC46C-B0EB-4B3E-A451-8F8FFF941D48}.Release|Any CPU.Build.0 = Release|Any CPU
		{C7824309-BB81-4A2B-9487-A23BCF9ED43F}.Debug|Any CPU.ActiveCfg = Debug|Any CPU
		{C7824309-BB81-4A2B-9487-A23BCF9ED43F}.Debug|Any CPU.Build.0 = Debug|Any CPU
		{C7824309-BB81-4A2B-9487-A23BCF9ED43F}.Release|Any CPU.ActiveCfg = Release|Any CPU
		{C7824309-BB81-4A2B-9487-A23BCF9ED43F}.Release|Any CPU.Build.0 = Release|Any CPU
	EndGlobalSection
	GlobalSection(SolutionProperties) = preSolution
		HideSolutionNode = FALSE
	EndGlobalSection
	GlobalSection(NestedProjects) = preSolution
		{8E0BFCAE-8DBB-4C5A-BB04-B1C0E9B7B8D3} = {92D61BAC-2659-4A97-98B0-CDFC5A69C1AB}
		{5A434867-F6E9-41FE-B5E1-407B361BF529} = {A9E3CB55-9BA8-47FA-AAF5-63D823A7B809}
		{78361CA2-E3C7-4EB6-9089-FAE4462A1B57} = {A9E3CB55-9BA8-47FA-AAF5-63D823A7B809}
		{A576F1C6-07FF-42D0-B2E8-8E84F0135083} = {D7544169-43D8-4FD1-B197-DC03181266BC}
		{3C1C47BD-1A4D-457B-8B7F-6F536E4F503D} = {92D61BAC-2659-4A97-98B0-CDFC5A69C1AB}
		{645AC46C-B0EB-4B3E-A451-8F8FFF941D48} = {FF5E4EE8-E5BC-493C-AE9C-302DB6E55323}
		{FF5E4EE8-E5BC-493C-AE9C-302DB6E55323} = {92D61BAC-2659-4A97-98B0-CDFC5A69C1AB}
		{A9E3CB55-9BA8-47FA-AAF5-63D823A7B809} = {92D61BAC-2659-4A97-98B0-CDFC5A69C1AB}
		{D7544169-43D8-4FD1-B197-DC03181266BC} = {92D61BAC-2659-4A97-98B0-CDFC5A69C1AB}
		{C7824309-BB81-4A2B-9487-A23BCF9ED43F} = {FF5E4EE8-E5BC-493C-AE9C-302DB6E55323}
	EndGlobalSection
	GlobalSection(ExtensibilityGlobals) = postSolution
		SolutionGuid = {FF79D2E7-1BBA-4E5B-BDBD-A042F9E898A8}
	EndGlobalSection
EndGlobal
